// !$*UTF8*$!
{
	archiveVersion = 1;
	classes = {
	};
	objectVersion = 46;
	objects = {

/* Begin PBXBuildFile section */
		9AB83E1C1BB3249F00C27F95 /* AppDelegate.swift in Sources */ = {isa = PBXBuildFile; fileRef = 9AB83E1B1BB3249F00C27F95 /* AppDelegate.swift */; };
		9AB83E1E1BB3249F00C27F95 /* ViewController.swift in Sources */ = {isa = PBXBuildFile; fileRef = 9AB83E1D1BB3249F00C27F95 /* ViewController.swift */; };
		9AB83E211BB3249F00C27F95 /* Main.storyboard in Resources */ = {isa = PBXBuildFile; fileRef = 9AB83E1F1BB3249F00C27F95 /* Main.storyboard */; };
		9AB83E231BB3249F00C27F95 /* Assets.xcassets in Resources */ = {isa = PBXBuildFile; fileRef = 9AB83E221BB3249F00C27F95 /* Assets.xcassets */; };
		9AB83E261BB3249F00C27F95 /* LaunchScreen.storyboard in Resources */ = {isa = PBXBuildFile; fileRef = 9AB83E241BB3249F00C27F95 /* LaunchScreen.storyboard */; };
		9AB83E311BB3249F00C27F95 /* Size_ClassesTests.swift in Sources */ = {isa = PBXBuildFile; fileRef = 9AB83E301BB3249F00C27F95 /* Size_ClassesTests.swift */; };
		9AB83E3C1BB3249F00C27F95 /* Size_ClassesUITests.swift in Sources */ = {isa = PBXBuildFile; fileRef = 9AB83E3B1BB3249F00C27F95 /* Size_ClassesUITests.swift */; };
/* End PBXBuildFile section */

/* Begin PBXContainerItemProxy section */
		9AB83E2D1BB3249F00C27F95 /* PBXContainerItemProxy */ = {
			isa = PBXContainerItemProxy;
			containerPortal = 9AB83E101BB3249F00C27F95 /* Project object */;
			proxyType = 1;
			remoteGlobalIDString = 9AB83E171BB3249F00C27F95;
			remoteInfo = "Size Classes";
		};
		9AB83E381BB3249F00C27F95 /* PBXContainerItemProxy */ = {
			isa = PBXContainerItemProxy;
			containerPortal = 9AB83E101BB3249F00C27F95 /* Project object */;
			proxyType = 1;
			remoteGlobalIDString = 9AB83E171BB3249F00C27F95;
			remoteInfo = "Size Classes";
		};
/* End PBXContainerItemProxy section */

/* Begin PBXFileReference section */
		9AB83E181BB3249F00C27F95 /* Size Classes.app */ = {isa = PBXFileReference; explicitFileType = wrapper.application; includeInIndex = 0; path = "Size Classes.app"; sourceTree = BUILT_PRODUCTS_DIR; };
		9AB83E1B1BB3249F00C27F95 /* AppDelegate.swift */ = {isa = PBXFileReference; lastKnownFileType = sourcecode.swift; path = AppDelegate.swift; sourceTree = "<group>"; };
		9AB83E1D1BB3249F00C27F95 /* ViewController.swift */ = {isa = PBXFileReference; lastKnownFileType = sourcecode.swift; path = ViewController.swift; sourceTree = "<group>"; };
		9AB83E201BB3249F00C27F95 /* Base */ = {isa = PBXFileReference; lastKnownFileType = file.storyboard; name = Base; path = Base.lproj/Main.storyboard; sourceTree = "<group>"; };
		9AB83E221BB3249F00C27F95 /* Assets.xcassets */ = {isa = PBXFileReference; lastKnownFileType = folder.assetcatalog; path = Assets.xcassets; sourceTree = "<group>"; };
		9AB83E251BB3249F00C27F95 /* Base */ = {isa = PBXFileReference; lastKnownFileType = file.storyboard; name = Base; path = Base.lproj/LaunchScreen.storyboard; sourceTree = "<group>"; };
		9AB83E271BB3249F00C27F95 /* Info.plist */ = {isa = PBXFileReference; lastKnownFileType = text.plist.xml; path = Info.plist; sourceTree = "<group>"; };
		9AB83E2C1BB3249F00C27F95 /* Size ClassesTests.xctest */ = {isa = PBXFileReference; explicitFileType = wrapper.cfbundle; includeInIndex = 0; path = "Size ClassesTests.xctest"; sourceTree = BUILT_PRODUCTS_DIR; };
		9AB83E301BB3249F00C27F95 /* Size_ClassesTests.swift */ = {isa = PBXFileReference; lastKnownFileType = sourcecode.swift; path = Size_ClassesTests.swift; sourceTree = "<group>"; };
		9AB83E321BB3249F00C27F95 /* Info.plist */ = {isa = PBXFileReference; lastKnownFileType = text.plist.xml; path = Info.plist; sourceTree = "<group>"; };
		9AB83E371BB3249F00C27F95 /* Size ClassesUITests.xctest */ = {isa = PBXFileReference; explicitFileType = wrapper.cfbundle; includeInIndex = 0; path = "Size ClassesUITests.xctest"; sourceTree = BUILT_PRODUCTS_DIR; };
		9AB83E3B1BB3249F00C27F95 /* Size_ClassesUITests.swift */ = {isa = PBXFileReference; lastKnownFileType = sourcecode.swift; path = Size_ClassesUITests.swift; sourceTree = "<group>"; };
		9AB83E3D1BB3249F00C27F95 /* Info.plist */ = {isa = PBXFileReference; lastKnownFileType = text.plist.xml; path = Info.plist; sourceTree = "<group>"; };
/* End PBXFileReference section */

/* Begin PBXFrameworksBuildPhase section */
		9AB83E151BB3249F00C27F95 /* Frameworks */ = {
			isa = PBXFrameworksBuildPhase;
			buildActionMask = 2147483647;
			files = (
			);
			runOnlyForDeploymentPostprocessing = 0;
		};
		9AB83E291BB3249F00C27F95 /* Frameworks */ = {
			isa = PBXFrameworksBuildPhase;
			buildActionMask = 2147483647;
			files = (
			);
			runOnlyForDeploymentPostprocessing = 0;
		};
		9AB83E341BB3249F00C27F95 /* Frameworks */ = {
			isa = PBXFrameworksBuildPhase;
			buildActionMask = 2147483647;
			files = (
			);
			runOnlyForDeploymentPostprocessing = 0;
		};
/* End PBXFrameworksBuildPhase section */

/* Begin PBXGroup section */
		9AB83E0F1BB3249F00C27F95 = {
			isa = PBXGroup;
			children = (
				9AB83E1A1BB3249F00C27F95 /* Size Classes */,
				9AB83E2F1BB3249F00C27F95 /* Size ClassesTests */,
				9AB83E3A1BB3249F00C27F95 /* Size ClassesUITests */,
				9AB83E191BB3249F00C27F95 /* Products */,
			);
			sourceTree = "<group>";
		};
		9AB83E191BB3249F00C27F95 /* Products */ = {
			isa = PBXGroup;
			children = (
				9AB83E181BB3249F00C27F95 /* Size Classes.app */,
				9AB83E2C1BB3249F00C27F95 /* Size ClassesTests.xctest */,
				9AB83E371BB3249F00C27F95 /* Size ClassesUITests.xctest */,
			);
			name = Products;
			sourceTree = "<group>";
		};
		9AB83E1A1BB3249F00C27F95 /* Size Classes */ = {
			isa = PBXGroup;
			children = (
				9AB83E1B1BB3249F00C27F95 /* AppDelegate.swift */,
				9AB83E1D1BB3249F00C27F95 /* ViewController.swift */,
				9AB83E1F1BB3249F00C27F95 /* Main.storyboard */,
				9AB83E221BB3249F00C27F95 /* Assets.xcassets */,
				9AB83E241BB3249F00C27F95 /* LaunchScreen.storyboard */,
				9AB83E271BB3249F00C27F95 /* Info.plist */,
			);
			path = "Size Classes";
			sourceTree = "<group>";
		};
		9AB83E2F1BB3249F00C27F95 /* Size ClassesTests */ = {
			isa = PBXGroup;
			children = (
				9AB83E301BB3249F00C27F95 /* Size_ClassesTests.swift */,
				9AB83E321BB3249F00C27F95 /* Info.plist */,
			);
			path = "Size ClassesTests";
			sourceTree = "<group>";
		};
		9AB83E3A1BB3249F00C27F95 /* Size ClassesUITests */ = {
			isa = PBXGroup;
			children = (
				9AB83E3B1BB3249F00C27F95 /* Size_ClassesUITests.swift */,
				9AB83E3D1BB3249F00C27F95 /* Info.plist */,
			);
			path = "Size ClassesUITests";
			sourceTree = "<group>";
		};
/* End PBXGroup section */

/* Begin PBXNativeTarget section */
		9AB83E171BB3249F00C27F95 /* Size Classes */ = {
			isa = PBXNativeTarget;
			buildConfigurationList = 9AB83E401BB3249F00C27F95 /* Build configuration list for PBXNativeTarget "Size Classes" */;
			buildPhases = (
				9AB83E141BB3249F00C27F95 /* Sources */,
				9AB83E151BB3249F00C27F95 /* Frameworks */,
				9AB83E161BB3249F00C27F95 /* Resources */,
			);
			buildRules = (
			);
			dependencies = (
			);
			name = "Size Classes";
			productName = "Size Classes";
			productReference = 9AB83E181BB3249F00C27F95 /* Size Classes.app */;
			productType = "com.apple.product-type.application";
		};
		9AB83E2B1BB3249F00C27F95 /* Size ClassesTests */ = {
			isa = PBXNativeTarget;
			buildConfigurationList = 9AB83E431BB3249F00C27F95 /* Build configuration list for PBXNativeTarget "Size ClassesTests" */;
			buildPhases = (
				9AB83E281BB3249F00C27F95 /* Sources */,
				9AB83E291BB3249F00C27F95 /* Frameworks */,
				9AB83E2A1BB3249F00C27F95 /* Resources */,
			);
			buildRules = (
			);
			dependencies = (
				9AB83E2E1BB3249F00C27F95 /* PBXTargetDependency */,
			);
			name = "Size ClassesTests";
			productName = "Size ClassesTests";
			productReference = 9AB83E2C1BB3249F00C27F95 /* Size ClassesTests.xctest */;
			productType = "com.apple.product-type.bundle.unit-test";
		};
		9AB83E361BB3249F00C27F95 /* Size ClassesUITests */ = {
			isa = PBXNativeTarget;
			buildConfigurationList = 9AB83E461BB3249F00C27F95 /* Build configuration list for PBXNativeTarget "Size ClassesUITests" */;
			buildPhases = (
				9AB83E331BB3249F00C27F95 /* Sources */,
				9AB83E341BB3249F00C27F95 /* Frameworks */,
				9AB83E351BB3249F00C27F95 /* Resources */,
			);
			buildRules = (
			);
			dependencies = (
				9AB83E391BB3249F00C27F95 /* PBXTargetDependency */,
			);
			name = "Size ClassesUITests";
			productName = "Size ClassesUITests";
			productReference = 9AB83E371BB3249F00C27F95 /* Size ClassesUITests.xctest */;
			productType = "com.apple.product-type.bundle.ui-testing";
		};
/* End PBXNativeTarget section */

/* Begin PBXProject section */
		9AB83E101BB3249F00C27F95 /* Project object */ = {
			isa = PBXProject;
			attributes = {
				LastUpgradeCheck = 0700;
				ORGANIZATIONNAME = "MOON Wearables";
				TargetAttributes = {
					9AB83E171BB3249F00C27F95 = {
						CreatedOnToolsVersion = 7.0;
					};
					9AB83E2B1BB3249F00C27F95 = {
						CreatedOnToolsVersion = 7.0;
						TestTargetID = 9AB83E171BB3249F00C27F95;
					};
					9AB83E361BB3249F00C27F95 = {
						CreatedOnToolsVersion = 7.0;
						TestTargetID = 9AB83E171BB3249F00C27F95;
					};
				};
			};
			buildConfigurationList = 9AB83E131BB3249F00C27F95 /* Build configuration list for PBXProject "Size Classes" */;
			compatibilityVersion = "Xcode 3.2";
			developmentRegion = English;
			hasScannedForEncodings = 0;
			knownRegions = (
				en,
				Base,
			);
			mainGroup = 9AB83E0F1BB3249F00C27F95;
			productRefGroup = 9AB83E191BB3249F00C27F95 /* Products */;
			projectDirPath = "";
			projectRoot = "";
			targets = (
				9AB83E171BB3249F00C27F95 /* Size Classes */,
				9AB83E2B1BB3249F00C27F95 /* Size ClassesTests */,
				9AB83E361BB3249F00C27F95 /* Size ClassesUITests */,
			);
		};
/* End PBXProject section */

/* Begin PBXResourcesBuildPhase section */
		9AB83E161BB3249F00C27F95 /* Resources */ = {
			isa = PBXResourcesBuildPhase;
			buildActionMask = 2147483647;
			files = (
				9AB83E261BB3249F00C27F95 /* LaunchScreen.storyboard in Resources */,
				9AB83E231BB3249F00C27F95 /* Assets.xcassets in Resources */,
				9AB83E211BB3249F00C27F95 /* Main.storyboard in Resources */,
			);
			runOnlyForDeploymentPostprocessing = 0;
		};
		9AB83E2A1BB3249F00C27F95 /* Resources */ = {
			isa = PBXResourcesBuildPhase;
			buildActionMask = 2147483647;
			files = (
			);
			runOnlyForDeploymentPostprocessing = 0;
		};
		9AB83E351BB3249F00C27F95 /* Resources */ = {
			isa = PBXResourcesBuildPhase;
			buildActionMask = 2147483647;
			files = (
			);
			runOnlyForDeploymentPostprocessing = 0;
		};
/* End PBXResourcesBuildPhase section */

/* Begin PBXSourcesBuildPhase section */
		9AB83E141BB3249F00C27F95 /* Sources */ = {
			isa = PBXSourcesBuildPhase;
			buildActionMask = 2147483647;
			files = (
				9AB83E1E1BB3249F00C27F95 /* ViewController.swift in Sources */,
				9AB83E1C1BB3249F00C27F95 /* AppDelegate.swift in Sources */,
			);
			runOnlyForDeploymentPostprocessing = 0;
		};
		9AB83E281BB3249F00C27F95 /* Sources */ = {
			isa = PBXSourcesBuildPhase;
			buildActionMask = 2147483647;
			files = (
				9AB83E311BB3249F00C27F95 /* Size_ClassesTests.swift in Sources */,
			);
			runOnlyForDeploymentPostprocessing = 0;
		};
		9AB83E331BB3249F00C27F95 /* Sources */ = {
			isa = PBXSourcesBuildPhase;
			buildActionMask = 2147483647;
			files = (
				9AB83E3C1BB3249F00C27F95 /* Size_ClassesUITests.swift in Sources */,
			);
			runOnlyForDeploymentPostprocessing = 0;
		};
/* End PBXSourcesBuildPhase section */

/* Begin PBXTargetDependency section */
		9AB83E2E1BB3249F00C27F95 /* PBXTargetDependency */ = {
			isa = PBXTargetDependency;
			target = 9AB83E171BB3249F00C27F95 /* Size Classes */;
			targetProxy = 9AB83E2D1BB3249F00C27F95 /* PBXContainerItemProxy */;
		};
		9AB83E391BB3249F00C27F95 /* PBXTargetDependency */ = {
			isa = PBXTargetDependency;
			target = 9AB83E171BB3249F00C27F95 /* Size Classes */;
			targetProxy = 9AB83E381BB3249F00C27F95 /* PBXContainerItemProxy */;
		};
/* End PBXTargetDependency section */

/* Begin PBXVariantGroup section */
		9AB83E1F1BB3249F00C27F95 /* Main.storyboard */ = {
			isa = PBXVariantGroup;
			children = (
				9AB83E201BB3249F00C27F95 /* Base */,
			);
			name = Main.storyboard;
			sourceTree = "<group>";
		};
		9AB83E241BB3249F00C27F95 /* LaunchScreen.storyboard */ = {
			isa = PBXVariantGroup;
			children = (
				9AB83E251BB3249F00C27F95 /* Base */,
			);
			name = LaunchScreen.storyboard;
			sourceTree = "<group>";
		};
/* End PBXVariantGroup section */

/* Begin XCBuildConfiguration section */
		9AB83E3E1BB3249F00C27F95 /* Debug */ = {
			isa = XCBuildConfiguration;
			buildSettings = {
				ALWAYS_SEARCH_USER_PATHS = NO;
				CLANG_CXX_LANGUAGE_STANDARD = "gnu++0x";
				CLANG_CXX_LIBRARY = "libc++";
				CLANG_ENABLE_MODULES = YES;
				CLANG_ENABLE_OBJC_ARC = YES;
				CLANG_WARN_BOOL_CONVERSION = YES;
				CLANG_WARN_CONSTANT_CONVERSION = YES;
				CLANG_WARN_DIRECT_OBJC_ISA_USAGE = YES_ERROR;
				CLANG_WARN_EMPTY_BODY = YES;
				CLANG_WARN_ENUM_CONVERSION = YES;
				CLANG_WARN_INT_CONVERSION = YES;
				CLANG_WARN_OBJC_ROOT_CLASS = YES_ERROR;
				CLANG_WARN_UNREACHABLE_CODE = YES;
				CLANG_WARN__DUPLICATE_METHOD_MATCH = YES;
				"CODE_SIGN_IDENTITY[sdk=iphoneos*]" = "iPhone Developer";
				COPY_PHASE_STRIP = NO;
				DEBUG_INFORMATION_FORMAT = dwarf;
				ENABLE_STRICT_OBJC_MSGSEND = YES;
				ENABLE_TESTABILITY = YES;
				GCC_C_LANGUAGE_STANDARD = gnu99;
				GCC_DYNAMIC_NO_PIC = NO;
				GCC_NO_COMMON_BLOCKS = YES;
				GCC_OPTIMIZATION_LEVEL = 0;
				GCC_PREPROCESSOR_DEFINITIONS = (
					"DEBUG=1",
					"$(inherited)",
				);
				GCC_WARN_64_TO_32_BIT_CONVERSION = YES;
				GCC_WARN_ABOUT_RETURN_TYPE = YES_ERROR;
				GCC_WARN_UNDECLARED_SELECTOR = YES;
				GCC_WARN_UNINITIALIZED_AUTOS = YES_AGGRESSIVE;
				GCC_WARN_UNUSED_FUNCTION = YES;
				GCC_WARN_UNUSED_VARIABLE = YES;
				IPHONEOS_DEPLOYMENT_TARGET = 9.0;
				MTL_ENABLE_DEBUG_INFO = YES;
				ONLY_ACTIVE_ARCH = YES;
				SDKROOT = iphoneos;
				SWIFT_OPTIMIZATION_LEVEL = "-Onone";
				TARGETED_DEVICE_FAMILY = "1,2";
			};
			name = Debug;
		};
		9AB83E3F1BB3249F00C27F95 /* Release */ = {
			isa = XCBuildConfiguration;
			buildSettings = {
				ALWAYS_SEARCH_USER_PATHS = NO;
				CLANG_CXX_LANGUAGE_STANDARD = "gnu++0x";
				CLANG_CXX_LIBRARY = "libc++";
				CLANG_ENABLE_MODULES = YES;
				CLANG_ENABLE_OBJC_ARC = YES;
				CLANG_WARN_BOOL_CONVERSION = YES;
				CLANG_WARN_CONSTANT_CONVERSION = YES;
				CLANG_WARN_DIRECT_OBJC_ISA_USAGE = YES_ERROR;
				CLANG_WARN_EMPTY_BODY = YES;
				CLANG_WARN_ENUM_CONVERSION = YES;
				CLANG_WARN_INT_CONVERSION = YES;
				CLANG_WARN_OBJC_ROOT_CLASS = YES_ERROR;
				CLANG_WARN_UNREACHABLE_CODE = YES;
				CLANG_WARN__DUPLICATE_METHOD_MATCH = YES;
				"CODE_SIGN_IDENTITY[sdk=iphoneos*]" = "iPhone Developer";
				COPY_PHASE_STRIP = NO;
				DEBUG_INFORMATION_FORMAT = "dwarf-with-dsym";
				ENABLE_NS_ASSERTIONS = NO;
				ENABLE_STRICT_OBJC_MSGSEND = YES;
				GCC_C_LANGUAGE_STANDARD = gnu99;
				GCC_NO_COMMON_BLOCKS = YES;
				GCC_WARN_64_TO_32_BIT_CONVERSION = YES;
				GCC_WARN_ABOUT_RETURN_TYPE = YES_ERROR;
				GCC_WARN_UNDECLARED_SELECTOR = YES;
				GCC_WARN_UNINITIALIZED_AUTOS = YES_AGGRESSIVE;
				GCC_WARN_UNUSED_FUNCTION = YES;
				GCC_WARN_UNUSED_VARIABLE = YES;
				IPHONEOS_DEPLOYMENT_TARGET = 9.0;
				MTL_ENABLE_DEBUG_INFO = NO;
				SDKROOT = iphoneos;
				TARGETED_DEVICE_FAMILY = "1,2";
				VALIDATE_PRODUCT = YES;
			};
			name = Release;
		};
		9AB83E411BB3249F00C27F95 /* Debug */ = {
			isa = XCBuildConfiguration;
			buildSettings = {
				ASSETCATALOG_COMPILER_APPICON_NAME = AppIcon;
				INFOPLIST_FILE = "Size Classes/Info.plist";
				LD_RUNPATH_SEARCH_PATHS = "$(inherited) @executable_path/Frameworks";
				PRODUCT_BUNDLE_IDENTIFIER = "com.moonwearables.Size-Classes";
				PRODUCT_NAME = "$(TARGET_NAME)";
			};
			name = Debug;
		};
		9AB83E421BB3249F00C27F95 /* Release */ = {
			isa = XCBuildConfiguration;
			buildSettings = {
				ASSETCATALOG_COMPILER_APPICON_NAME = AppIcon;
				INFOPLIST_FILE = "Size Classes/Info.plist";
				LD_RUNPATH_SEARCH_PATHS = "$(inherited) @executable_path/Frameworks";
				PRODUCT_BUNDLE_IDENTIFIER = "com.moonwearables.Size-Classes";
				PRODUCT_NAME = "$(TARGET_NAME)";
			};
			name = Release;
		};
		9AB83E441BB3249F00C27F95 /* Debug */ = {
			isa = XCBuildConfiguration;
			buildSettings = {
				BUNDLE_LOADER = "$(TEST_HOST)";
				INFOPLIST_FILE = "Size ClassesTests/Info.plist";
				LD_RUNPATH_SEARCH_PATHS = "$(inherited) @executable_path/Frameworks @loader_path/Frameworks";
				PRODUCT_BUNDLE_IDENTIFIER = "com.moonwearables.Size-ClassesTests";
				PRODUCT_NAME = "$(TARGET_NAME)";
				TEST_HOST = "$(BUILT_PRODUCTS_DIR)/Size Classes.app/Size Classes";
			};
			name = Debug;
		};
		9AB83E451BB3249F00C27F95 /* Release */ = {
			isa = XCBuildConfiguration;
			buildSettings = {
				BUNDLE_LOADER = "$(TEST_HOST)";
				INFOPLIST_FILE = "Size ClassesTests/Info.plist";
				LD_RUNPATH_SEARCH_PATHS = "$(inherited) @executable_path/Frameworks @loader_path/Frameworks";
				PRODUCT_BUNDLE_IDENTIFIER = "com.moonwearables.Size-ClassesTests";
				PRODUCT_NAME = "$(TARGET_NAME)";
				TEST_HOST = "$(BUILT_PRODUCTS_DIR)/Size Classes.app/Size Classes";
			};
			name = Release;
		};
		9AB83E471BB3249F00C27F95 /* Debug */ = {
			isa = XCBuildConfiguration;
			buildSettings = {
				INFOPLIST_FILE = "Size ClassesUITests/Info.plist";
				LD_RUNPATH_SEARCH_PATHS = "$(inherited) @executable_path/Frameworks @loader_path/Frameworks";
				PRODUCT_BUNDLE_IDENTIFIER = "com.moonwearables.Size-ClassesUITests";
				PRODUCT_NAME = "$(TARGET_NAME)";
				TEST_TARGET_NAME = "Size Classes";
				USES_XCTRUNNER = YES;
			};
			name = Debug;
		};
		9AB83E481BB3249F00C27F95 /* Release */ = {
			isa = XCBuildConfiguration;
			buildSettings = {
				INFOPLIST_FILE = "Size ClassesUITests/Info.plist";
				LD_RUNPATH_SEARCH_PATHS = "$(inherited) @executable_path/Frameworks @loader_path/Frameworks";
				PRODUCT_BUNDLE_IDENTIFIER = "com.moonwearables.Size-ClassesUITests";
				PRODUCT_NAME = "$(TARGET_NAME)";
				TEST_TARGET_NAME = "Size Classes";
				USES_XCTRUNNER = YES;
			};
			name = Release;
		};
/* End XCBuildConfiguration section */

/* Begin XCConfigurationList section */
		9AB83E131BB3249F00C27F95 /* Build configuration list for PBXProject "Size Classes" */ = {
			isa = XCConfigurationList;
			buildConfigurations = (
				9AB83E3E1BB3249F00C27F95 /* Debug */,
				9AB83E3F1BB3249F00C27F95 /* Release */,
			);
			defaultConfigurationIsVisible = 0;
			defaultConfigurationName = Release;
		};
		9AB83E401BB3249F00C27F95 /* Build configuration list for PBXNativeTarget "Size Classes" */ = {
			isa = XCConfigurationList;
			buildConfigurations = (
				9AB83E411BB3249F00C27F95 /* Debug */,
				9AB83E421BB3249F00C27F95 /* Release */,
			);
			defaultConfigurationIsVisible = 0;
		};
		9AB83E431BB3249F00C27F95 /* Build configuration list for PBXNativeTarget "Size ClassesTests" */ = {
			isa = XCConfigurationList;
			buildConfigurations = (
				9AB83E441BB3249F00C27F95 /* Debug */,
				9AB83E451BB3249F00C27F95 /* Release */,
			);
			defaultConfigurationIsVisible = 0;
		};
		9AB83E461BB3249F00C27F95 /* Build configuration list for PBXNativeTarget "Size ClassesUITests" */ = {
			isa = XCConfigurationList;
			buildConfigurations = (
				9AB83E471BB3249F00C27F95 /* Debug */,
				9AB83E481BB3249F00C27F95 /* Release */,
			);
			defaultConfigurationIsVisible = 0;
		};
/* End XCConfigurationList section */
	};
	rootObject = 9AB83E101BB3249F00C27F95 /* Project object */;
}
